// !$*UTF8*$!
{
	archiveVersion = 1;
	classes = {
	};
	objectVersion = 50;
	objects = {

/* Begin PBXBuildFile section */
		5B1EBDAB21AE47B6009250C4 /* main.cpp in Sources */ = {isa = PBXBuildFile; fileRef = 5B1EBDAA21AE47B6009250C4 /* main.cpp */; };
		5B1EBDB621AE47E6009250C4 /* MidiMessage.cpp in Sources */ = {isa = PBXBuildFile; fileRef = 5B1EBDB121AE47E6009250C4 /* MidiMessage.cpp */; };
		5B1EBDB721AE47E6009250C4 /* MidiEvent.cpp in Sources */ = {isa = PBXBuildFile; fileRef = 5B1EBDB221AE47E6009250C4 /* MidiEvent.cpp */; };
		5B1EBDB821AE47E6009250C4 /* MidiEventList.cpp in Sources */ = {isa = PBXBuildFile; fileRef = 5B1EBDB321AE47E6009250C4 /* MidiEventList.cpp */; };
		5B1EBDB921AE47E6009250C4 /* Binasc.cpp in Sources */ = {isa = PBXBuildFile; fileRef = 5B1EBDB421AE47E6009250C4 /* Binasc.cpp */; };
		5B1EBDBA21AE47E6009250C4 /* MidiFile.cpp in Sources */ = {isa = PBXBuildFile; fileRef = 5B1EBDB521AE47E6009250C4 /* MidiFile.cpp */; };
/* End PBXBuildFile section */

/* Begin PBXCopyFilesBuildPhase section */
		5B1EBDA521AE47B5009250C4 /* CopyFiles */ = {
			isa = PBXCopyFilesBuildPhase;
			buildActionMask = 2147483647;
			dstPath = /usr/share/man/man1/;
			dstSubfolderSpec = 0;
			files = (
			);
			runOnlyForDeploymentPostprocessing = 1;
		};
/* End PBXCopyFilesBuildPhase section */

/* Begin PBXFileReference section */
		5B1EBDA721AE47B6009250C4 /* polyrhythm */ = {isa = PBXFileReference; explicitFileType = "compiled.mach-o.executable"; includeInIndex = 0; path = polyrhythm; sourceTree = BUILT_PRODUCTS_DIR; };
		5B1EBDAA21AE47B6009250C4 /* main.cpp */ = {isa = PBXFileReference; lastKnownFileType = sourcecode.cpp.cpp; path = main.cpp; sourceTree = "<group>"; };
		5B1EBDB121AE47E6009250C4 /* MidiMessage.cpp */ = {isa = PBXFileReference; fileEncoding = 4; lastKnownFileType = sourcecode.cpp.cpp; path = MidiMessage.cpp; sourceTree = "<group>"; };
		5B1EBDB221AE47E6009250C4 /* MidiEvent.cpp */ = {isa = PBXFileReference; fileEncoding = 4; lastKnownFileType = sourcecode.cpp.cpp; path = MidiEvent.cpp; sourceTree = "<group>"; };
		5B1EBDB321AE47E6009250C4 /* MidiEventList.cpp */ = {isa = PBXFileReference; fileEncoding = 4; lastKnownFileType = sourcecode.cpp.cpp; path = MidiEventList.cpp; sourceTree = "<group>"; };
		5B1EBDB421AE47E6009250C4 /* Binasc.cpp */ = {isa = PBXFileReference; fileEncoding = 4; lastKnownFileType = sourcecode.cpp.cpp; path = Binasc.cpp; sourceTree = "<group>"; };
		5B1EBDB521AE47E6009250C4 /* MidiFile.cpp */ = {isa = PBXFileReference; fileEncoding = 4; lastKnownFileType = sourcecode.cpp.cpp; path = MidiFile.cpp; sourceTree = "<group>"; };
		5B1EBDBB21AE4801009250C4 /* MidiFile.h */ = {isa = PBXFileReference; fileEncoding = 4; lastKnownFileType = sourcecode.c.h; path = MidiFile.h; sourceTree = "<group>"; };
		5B1EBDBC21AE4801009250C4 /* Binasc.h */ = {isa = PBXFileReference; fileEncoding = 4; lastKnownFileType = sourcecode.c.h; path = Binasc.h; sourceTree = "<group>"; };
		5B1EBDBD21AE4801009250C4 /* MidiEventList.h */ = {isa = PBXFileReference; fileEncoding = 4; lastKnownFileType = sourcecode.c.h; path = MidiEventList.h; sourceTree = "<group>"; };
		5B1EBDBE21AE4801009250C4 /* MidiEvent.h */ = {isa = PBXFileReference; fileEncoding = 4; lastKnownFileType = sourcecode.c.h; path = MidiEvent.h; sourceTree = "<group>"; };
		5B1EBDBF21AE4801009250C4 /* MidiMessage.h */ = {isa = PBXFileReference; fileEncoding = 4; lastKnownFileType = sourcecode.c.h; path = MidiMessage.h; sourceTree = "<group>"; };
/* End PBXFileReference section */

/* Begin PBXFrameworksBuildPhase section */
		5B1EBDA421AE47B5009250C4 /* Frameworks */ = {
			isa = PBXFrameworksBuildPhase;
			buildActionMask = 2147483647;
			files = (
			);
			runOnlyForDeploymentPostprocessing = 0;
		};
/* End PBXFrameworksBuildPhase section */

/* Begin PBXGroup section */
		5B1EBD9E21AE47B5009250C4 = {
			isa = PBXGroup;
			children = (
				5B1EBDA921AE47B6009250C4 /* polyrhythm */,
				5B1EBDA821AE47B6009250C4 /* Products */,
			);
			sourceTree = "<group>";
		};
		5B1EBDA821AE47B6009250C4 /* Products */ = {
			isa = PBXGroup;
			children = (
				5B1EBDA721AE47B6009250C4 /* polyrhythm */,
			);
			name = Products;
			sourceTree = "<group>";
		};
		5B1EBDA921AE47B6009250C4 /* polyrhythm */ = {
			isa = PBXGroup;
			children = (
				5B1EBDAA21AE47B6009250C4 /* main.cpp */,
				5B1EBDB421AE47E6009250C4 /* Binasc.cpp */,
				5B1EBDB221AE47E6009250C4 /* MidiEvent.cpp */,
				5B1EBDB321AE47E6009250C4 /* MidiEventList.cpp */,
				5B1EBDB521AE47E6009250C4 /* MidiFile.cpp */,
				5B1EBDB121AE47E6009250C4 /* MidiMessage.cpp */,
				5B1EBDBC21AE4801009250C4 /* Binasc.h */,
				5B1EBDBE21AE4801009250C4 /* MidiEvent.h */,
				5B1EBDBD21AE4801009250C4 /* MidiEventList.h */,
				5B1EBDBB21AE4801009250C4 /* MidiFile.h */,
				5B1EBDBF21AE4801009250C4 /* MidiMessage.h */,
			);
			path = polyrhythm;
			sourceTree = "<group>";
		};
/* End PBXGroup section */

/* Begin PBXNativeTarget section */
		5B1EBDA621AE47B5009250C4 /* polyrhythm */ = {
			isa = PBXNativeTarget;
			buildConfigurationList = 5B1EBDAE21AE47B6009250C4 /* Build configuration list for PBXNativeTarget "polyrhythm" */;
			buildPhases = (
				5B1EBDA321AE47B5009250C4 /* Sources */,
				5B1EBDA421AE47B5009250C4 /* Frameworks */,
				5B1EBDA521AE47B5009250C4 /* CopyFiles */,
			);
			buildRules = (
			);
			dependencies = (
			);
			name = polyrhythm;
			productName = polyrhythm;
			productReference = 5B1EBDA721AE47B6009250C4 /* polyrhythm */;
			productType = "com.apple.product-type.tool";
		};
/* End PBXNativeTarget section */

/* Begin PBXProject section */
		5B1EBD9F21AE47B5009250C4 /* Project object */ = {
			isa = PBXProject;
			attributes = {
				LastUpgradeCheck = 1000;
				ORGANIZATIONNAME = georg.boenn;
				TargetAttributes = {
					5B1EBDA621AE47B5009250C4 = {
						CreatedOnToolsVersion = 10.0;
					};
				};
			};
			buildConfigurationList = 5B1EBDA221AE47B5009250C4 /* Build configuration list for PBXProject "polyrhythm" */;
			compatibilityVersion = "Xcode 9.3";
			developmentRegion = en;
			hasScannedForEncodings = 0;
			knownRegions = (
				en,
			);
			mainGroup = 5B1EBD9E21AE47B5009250C4;
			productRefGroup = 5B1EBDA821AE47B6009250C4 /* Products */;
			projectDirPath = "";
			projectRoot = "";
			targets = (
				5B1EBDA621AE47B5009250C4 /* polyrhythm */,
			);
		};
/* End PBXProject section */

/* Begin PBXSourcesBuildPhase section */
		5B1EBDA321AE47B5009250C4 /* Sources */ = {
			isa = PBXSourcesBuildPhase;
			buildActionMask = 2147483647;
			files = (
				5B1EBDB621AE47E6009250C4 /* MidiMessage.cpp in Sources */,
				5B1EBDB921AE47E6009250C4 /* Binasc.cpp in Sources */,
				5B1EBDBA21AE47E6009250C4 /* MidiFile.cpp in Sources */,
				5B1EBDAB21AE47B6009250C4 /* main.cpp in Sources */,
				5B1EBDB721AE47E6009250C4 /* MidiEvent.cpp in Sources */,
				5B1EBDB821AE47E6009250C4 /* MidiEventList.cpp in Sources */,
			);
			runOnlyForDeploymentPostprocessing = 0;
		};
/* End PBXSourcesBuildPhase section */

/* Begin XCBuildConfiguration section */
		5B1EBDAC21AE47B6009250C4 /* Debug */ = {
			isa = XCBuildConfiguration;
			buildSettings = {
				ALWAYS_SEARCH_USER_PATHS = NO;
				CLANG_ANALYZER_NONNULL = YES;
				CLANG_ANALYZER_NUMBER_OBJECT_CONVERSION = YES_AGGRESSIVE;
				CLANG_CXX_LANGUAGE_STANDARD = "gnu++14";
				CLANG_CXX_LIBRARY = "libc++";
				CLANG_ENABLE_MODULES = YES;
				CLANG_ENABLE_OBJC_ARC = YES;
				CLANG_ENABLE_OBJC_WEAK = YES;
				CLANG_WARN_BLOCK_CAPTURE_AUTORELEASING = YES;
				CLANG_WARN_BOOL_CONVERSION = YES;
				CLANG_WARN_COMMA = YES;
				CLANG_WARN_CONSTANT_CONVERSION = YES;
				CLANG_WARN_DEPRECATED_OBJC_IMPLEMENTATIONS = YES;
				CLANG_WARN_DIRECT_OBJC_ISA_USAGE = YES_ERROR;
				CLANG_WARN_DOCUMENTATION_COMMENTS = YES;
				CLANG_WARN_EMPTY_BODY = YES;
				CLANG_WARN_ENUM_CONVERSION = YES;
				CLANG_WARN_INFINITE_RECURSION = YES;
				CLANG_WARN_INT_CONVERSION = YES;
				CLANG_WARN_NON_LITERAL_NULL_CONVERSION = YES;
				CLANG_WARN_OBJC_IMPLICIT_RETAIN_SELF = YES;
				CLANG_WARN_OBJC_LITERAL_CONVERSION = YES;
				CLANG_WARN_OBJC_ROOT_CLASS = YES_ERROR;
				CLANG_WARN_RANGE_LOOP_ANALYSIS = YES;
				CLANG_WARN_STRICT_PROTOTYPES = YES;
				CLANG_WARN_SUSPICIOUS_MOVE = YES;
				CLANG_WARN_UNGUARDED_AVAILABILITY = YES_AGGRESSIVE;
				CLANG_WARN_UNREACHABLE_CODE = YES;
				CLANG_WARN__DUPLICATE_METHOD_MATCH = YES;
				CODE_SIGN_IDENTITY = "-";
				COPY_PHASE_STRIP = NO;
				DEBUG_INFORMATION_FORMAT = dwarf;
				ENABLE_STRICT_OBJC_MSGSEND = YES;
				ENABLE_TESTABILITY = YES;
				GCC_C_LANGUAGE_STANDARD = gnu11;
				GCC_DYNAMIC_NO_PIC = NO;
				GCC_NO_COMMON_BLOCKS = YES;
				GCC_OPTIMIZATION_LEVEL = 0;
				GCC_PREPROCESSOR_DEFINITIONS = (
					"DEBUG=1",
					"$(inherited)",
				);
				GCC_WARN_64_TO_32_BIT_CONVERSION = YES;
				GCC_WARN_ABOUT_RETURN_TYPE = YES_ERROR;
				GCC_WARN_UNDECLARED_SELECTOR = YES;
				GCC_WARN_UNINITIALIZED_AUTOS = YES_AGGRESSIVE;
				GCC_WARN_UNUSED_FUNCTION = YES;
				GCC_WARN_UNUSED_VARIABLE = YES;
				MACOSX_DEPLOYMENT_TARGET = 10.13;
				MTL_ENABLE_DEBUG_INFO = INCLUDE_SOURCE;
				MTL_FAST_MATH = YES;
				ONLY_ACTIVE_ARCH = YES;
				SDKROOT = macosx;
			};
			name = Debug;
		};
		5B1EBDAD21AE47B6009250C4 /* Release */ = {
			isa = XCBuildConfiguration;
			buildSettings = {
				ALWAYS_SEARCH_USER_PATHS = NO;
				CLANG_ANALYZER_NONNULL = YES;
				CLANG_ANALYZER_NUMBER_OBJECT_CONVERSION = YES_AGGRESSIVE;
				CLANG_CXX_LANGUAGE_STANDARD = "gnu++14";
				CLANG_CXX_LIBRARY = "libc++";
				CLANG_ENABLE_MODULES = YES;
				CLANG_ENABLE_OBJC_ARC = YES;
				CLANG_ENABLE_OBJC_WEAK = YES;
				CLANG_WARN_BLOCK_CAPTURE_AUTORELEASING = YES;
				CLANG_WARN_BOOL_CONVERSION = YES;
				CLANG_WARN_COMMA = YES;
				CLANG_WARN_CONSTANT_CONVERSION = YES;
				CLANG_WARN_DEPRECATED_OBJC_IMPLEMENTATIONS = YES;
				CLANG_WARN_DIRECT_OBJC_ISA_USAGE = YES_ERROR;
				CLANG_WARN_DOCUMENTATION_COMMENTS = YES;
				CLANG_WARN_EMPTY_BODY = YES;
				CLANG_WARN_ENUM_CONVERSION = YES;
				CLANG_WARN_INFINITE_RECURSION = YES;
				CLANG_WARN_INT_CONVERSION = YES;
				CLANG_WARN_NON_LITERAL_NULL_CONVERSION = YES;
				CLANG_WARN_OBJC_IMPLICIT_RETAIN_SELF = YES;
				CLANG_WARN_OBJC_LITERAL_CONVERSION = YES;
				CLANG_WARN_OBJC_ROOT_CLASS = YES_ERROR;
				CLANG_WARN_RANGE_LOOP_ANALYSIS = YES;
				CLANG_WARN_STRICT_PROTOTYPES = YES;
				CLANG_WARN_SUSPICIOUS_MOVE = YES;
				CLANG_WARN_UNGUARDED_AVAILABILITY = YES_AGGRESSIVE;
				CLANG_WARN_UNREACHABLE_CODE = YES;
				CLANG_WARN__DUPLICATE_METHOD_MATCH = YES;
				CODE_SIGN_IDENTITY = "-";
				COPY_PHASE_STRIP = NO;
				DEBUG_INFORMATION_FORMAT = "dwarf-with-dsym";
				ENABLE_NS_ASSERTIONS = NO;
				ENABLE_STRICT_OBJC_MSGSEND = YES;
				GCC_C_LANGUAGE_STANDARD = gnu11;
				GCC_NO_COMMON_BLOCKS = YES;
				GCC_WARN_64_TO_32_BIT_CONVERSION = YES;
				GCC_WARN_ABOUT_RETURN_TYPE = YES_ERROR;
				GCC_WARN_UNDECLARED_SELECTOR = YES;
				GCC_WARN_UNINITIALIZED_AUTOS = YES_AGGRESSIVE;
				GCC_WARN_UNUSED_FUNCTION = YES;
				GCC_WARN_UNUSED_VARIABLE = YES;
				MACOSX_DEPLOYMENT_TARGET = 10.13;
				MTL_ENABLE_DEBUG_INFO = NO;
				MTL_FAST_MATH = YES;
				SDKROOT = macosx;
			};
			name = Release;
		};
		5B1EBDAF21AE47B6009250C4 /* Debug */ = {
			isa = XCBuildConfiguration;
			buildSettings = {
				CODE_SIGN_STYLE = Automatic;
				PRODUCT_NAME = "$(TARGET_NAME)";
			};
			name = Debug;
		};
		5B1EBDB021AE47B6009250C4 /* Release */ = {
			isa = XCBuildConfiguration;
			buildSettings = {
				CODE_SIGN_STYLE = Automatic;
				PRODUCT_NAME = "$(TARGET_NAME)";
			};
			name = Release;
		};
/* End XCBuildConfiguration section */

/* Begin XCConfigurationList section */
		5B1EBDA221AE47B5009250C4 /* Build configuration list for PBXProject "polyrhythm" */ = {
			isa = XCConfigurationList;
			buildConfigurations = (
				5B1EBDAC21AE47B6009250C4 /* Debug */,
				5B1EBDAD21AE47B6009250C4 /* Release */,
			);
			defaultConfigurationIsVisible = 0;
			defaultConfigurationName = Release;
		};
		5B1EBDAE21AE47B6009250C4 /* Build configuration list for PBXNativeTarget "polyrhythm" */ = {
			isa = XCConfigurationList;
			buildConfigurations = (
				5B1EBDAF21AE47B6009250C4 /* Debug */,
				5B1EBDB021AE47B6009250C4 /* Release */,
			);
			defaultConfigurationIsVisible = 0;
			defaultConfigurationName = Release;
		};
/* End XCConfigurationList section */
	};
	rootObject = 5B1EBD9F21AE47B5009250C4 /* Project object */;
}
